
Microsoft Visual Studio Solution File, Format Version 12.00
# Visual Studio Version 17
VisualStudioVersion = 17.7.34221.43
MinimumVisualStudioVersion = 10.0.40219.1
Project("{9A19103F-16F7-4668-BE54-9A1E7A4F7556}") = "Widgets for UniGetUI", "Widgets\Widgets for UniGetUI.csproj", "{D8495D3C-3169-4A08-B0C4-F5EEE5117C0E}"
EndProject
Project("{C7167F0D-BC9F-4E6E-AFE1-012C56B48DB5}") = "Widgets for UniGetUI Package", "Package\Widgets for UniGetUI Package.wapproj", "{0CB7BF44-2619-4597-82C4-75F513345EBA}"
EndProject
Global
	GlobalSection(SolutionConfigurationPlatforms) = preSolution
		Debug|x64 = Debug|x64
		Release|x64 = Release|x64
	EndGlobalSection
	GlobalSection(ProjectConfigurationPlatforms) = postSolution
		{D8495D3C-3169-4A08-B0C4-F5EEE5117C0E}.Debug|x64.ActiveCfg = Debug|Any CPU
		{D8495D3C-3169-4A08-B0C4-F5EEE5117C0E}.Debug|x64.Build.0 = Debug|Any CPU
		{D8495D3C-3169-4A08-B0C4-F5EEE5117C0E}.Release|x64.ActiveCfg = Release|x64
		{D8495D3C-3169-4A08-B0C4-F5EEE5117C0E}.Release|x64.Build.0 = Release|x64
		{0CB7BF44-2619-4597-82C4-75F513345EBA}.Debug|x64.ActiveCfg = Debug|x64
		{0CB7BF44-2619-4597-82C4-75F513345EBA}.Debug|x64.Build.0 = Debug|x64
		{0CB7BF44-2619-4597-82C4-75F513345EBA}.Debug|x64.Deploy.0 = Debug|x64
		{0CB7BF44-2619-4597-82C4-75F513345EBA}.Release|x64.ActiveCfg = Release|x64
		{0CB7BF44-2619-4597-82C4-75F513345EBA}.Release|x64.Build.0 = Release|x64
		{0CB7BF44-2619-4597-82C4-75F513345EBA}.Release|x64.Deploy.0 = Release|x64
	EndGlobalSection
	GlobalSection(SolutionProperties) = preSolution
		HideSolutionNode = FALSE
	EndGlobalSection
	GlobalSection(ExtensibilityGlobals) = postSolution
		SolutionGuid = {16B614A9-1CA8-4F64-AF4F-49E297A8D0FA}
	EndGlobalSection
EndGlobal
